
Microsoft Visual Studio Solution File, Format Version 12.00
# Visual Studio 2013
VisualStudioVersion = 12.0.21005.1
MinimumVisualStudioVersion = 10.0.40219.1
Project("{2150E333-8FDC-42A3-9474-1A3956D46DE8}") = "Creational Patterns", "Creational Patterns", "{2F5290FA-24F9-4649-8480-2BD336D222E3}"
EndProject
Project("{2150E333-8FDC-42A3-9474-1A3956D46DE8}") = "Structural Patterns", "Structural Patterns", "{9E1170BA-75D0-47DA-9305-DCA490351EB3}"
EndProject
Project("{2150E333-8FDC-42A3-9474-1A3956D46DE8}") = "Behavioral Patterns", "Behavioral Patterns", "{9ADAED16-CAA1-4328-9165-CE3B7B3DFE52}"
EndProject
Project("{2150E333-8FDC-42A3-9474-1A3956D46DE8}") = "Solution Items", "Solution Items", "{17E20FE3-14F5-4A26-ADF2-C739E9BD67E6}"
	ProjectSection(SolutionItems) = preProject
		Link.txt = Link.txt
	EndProjectSection
EndProject
Project("{FAE04EC0-301F-11D3-BF4B-00C04F79EFBC}") = "Bridge", "Structural\Bridge\Bridge.csproj", "{D1A726A2-7F9B-4951-B649-503FDA552173}"
EndProject
Project("{FAE04EC0-301F-11D3-BF4B-00C04F79EFBC}") = "Adapter", "Structural\Adapter\Adapter.csproj", "{08181DD3-A4A0-4656-8276-93AAE52C7EE5}"
EndProject
Project("{FAE04EC0-301F-11D3-BF4B-00C04F79EFBC}") = "AbstractFactory", "Creational\AbstractFactory\AbstractFactory.csproj", "{589866B6-14F9-45E3-950C-7C87CC72A375}"
EndProject
Project("{FAE04EC0-301F-11D3-BF4B-00C04F79EFBC}") = "Builder", "Creational\Builder\Builder.csproj", "{35986164-26FB-4D25-9C2E-A9E2D4FD5FC2}"
EndProject
Project("{FAE04EC0-301F-11D3-BF4B-00C04F79EFBC}") = "FactoryMethod", "Creational\FactoryMethod\FactoryMethod.csproj", "{57EB7028-4D34-4FA0-BFB3-209C222F4C10}"
EndProject
Project("{FAE04EC0-301F-11D3-BF4B-00C04F79EFBC}") = "Prototype", "Creational\Prototype\Prototype.csproj", "{CD508E48-4B9F-4E93-BF49-83DA9FDA14D2}"
EndProject
Project("{FAE04EC0-301F-11D3-BF4B-00C04F79EFBC}") = "Singleton", "Creational\Singleton\Singleton.csproj", "{1B81524C-4FCB-46B5-9EA8-3399B04841A3}"
EndProject
Project("{FAE04EC0-301F-11D3-BF4B-00C04F79EFBC}") = "Composite", "Structural\Composite\Composite.csproj", "{D4275B43-AE99-4496-B251-88921E486C68}"
EndProject
Project("{FAE04EC0-301F-11D3-BF4B-00C04F79EFBC}") = "Decorator", "Structural\Decorator\Decorator.csproj", "{E824FAFE-A807-4374-8BB1-61BA9736A1F9}"
EndProject
Project("{FAE04EC0-301F-11D3-BF4B-00C04F79EFBC}") = "Facade", "Structural\Facade\Facade.csproj", "{B7631AFA-6BDC-4445-B77D-E7652801F09C}"
EndProject
Project("{FAE04EC0-301F-11D3-BF4B-00C04F79EFBC}") = "Proxy", "Structural\Proxy\Proxy.csproj", "{57631C5D-23F8-4CD3-A45E-008A40EF456C}"
EndProject
Project("{FAE04EC0-301F-11D3-BF4B-00C04F79EFBC}") = "ChainOfResponsibility", "Behavioral\ChainOfResponsibility\ChainOfResponsibility.csproj", "{6D519377-D98D-4862-B4AB-885AD86A1EDC}"
EndProject
Project("{FAE04EC0-301F-11D3-BF4B-00C04F79EFBC}") = "Command", "Behavioral\Command\Command.csproj", "{C7D998E3-4F93-4592-81AC-9A9731D41840}"
EndProject
Project("{FAE04EC0-301F-11D3-BF4B-00C04F79EFBC}") = "Iterator", "Behavioral\Iterator\Iterator.csproj", "{B5579BCD-A6B7-467B-BEE3-F4687171EEB9}"
EndProject
Project("{FAE04EC0-301F-11D3-BF4B-00C04F79EFBC}") = "Mediator", "Behavioral\Mediator\Mediator.csproj", "{391782EA-B666-4CCF-AEA9-1C54A0E24470}"
EndProject
Project("{FAE04EC0-301F-11D3-BF4B-00C04F79EFBC}") = "Observer", "Behavioral\Observer\Observer.csproj", "{4FE2345E-FB63-48CF-BA34-C4AE172D469A}"
EndProject
Project("{FAE04EC0-301F-11D3-BF4B-00C04F79EFBC}") = "ObserverWithEvents", "Behavioral\ObserverWithEvents\ObserverWithEvents.csproj", "{C323A225-44FD-4B52-9195-38C4EB1A3C90}"
EndProject
Project("{FAE04EC0-301F-11D3-BF4B-00C04F79EFBC}") = "State", "Behavioral\State\State.csproj", "{6DDD5CEC-57FD-4AEC-ACDF-55C2A019A7E6}"
EndProject
Project("{FAE04EC0-301F-11D3-BF4B-00C04F79EFBC}") = "Strategy", "Behavioral\Strategy\Strategy.csproj", "{51626C89-01E7-4F63-9C65-FBB2B121B51A}"
EndProject
Project("{FAE04EC0-301F-11D3-BF4B-00C04F79EFBC}") = "TemplateMethod", "Behavioral\TemplateMethod\TemplateMethod.csproj", "{7C2BB68B-A62B-4BCF-8E96-37C200987B40}"
EndProject
Global
	GlobalSection(SolutionConfigurationPlatforms) = preSolution
		Debug|Any CPU = Debug|Any CPU
		Release|Any CPU = Release|Any CPU
	EndGlobalSection
	GlobalSection(ProjectConfigurationPlatforms) = postSolution
		{D1A726A2-7F9B-4951-B649-503FDA552173}.Debug|Any CPU.ActiveCfg = Debug|Any CPU
		{D1A726A2-7F9B-4951-B649-503FDA552173}.Debug|Any CPU.Build.0 = Debug|Any CPU
		{D1A726A2-7F9B-4951-B649-503FDA552173}.Release|Any CPU.ActiveCfg = Release|Any CPU
		{D1A726A2-7F9B-4951-B649-503FDA552173}.Release|Any CPU.Build.0 = Release|Any CPU
		{08181DD3-A4A0-4656-8276-93AAE52C7EE5}.Debug|Any CPU.ActiveCfg = Debug|Any CPU
		{08181DD3-A4A0-4656-8276-93AAE52C7EE5}.Debug|Any CPU.Build.0 = Debug|Any CPU
		{08181DD3-A4A0-4656-8276-93AAE52C7EE5}.Release|Any CPU.ActiveCfg = Release|Any CPU
		{08181DD3-A4A0-4656-8276-93AAE52C7EE5}.Release|Any CPU.Build.0 = Release|Any CPU
		{589866B6-14F9-45E3-950C-7C87CC72A375}.Debug|Any CPU.ActiveCfg = Debug|Any CPU
		{589866B6-14F9-45E3-950C-7C87CC72A375}.Debug|Any CPU.Build.0 = Debug|Any CPU
		{589866B6-14F9-45E3-950C-7C87CC72A375}.Release|Any CPU.ActiveCfg = Release|Any CPU
		{589866B6-14F9-45E3-950C-7C87CC72A375}.Release|Any CPU.Build.0 = Release|Any CPU
		{35986164-26FB-4D25-9C2E-A9E2D4FD5FC2}.Debug|Any CPU.ActiveCfg = Debug|Any CPU
		{35986164-26FB-4D25-9C2E-A9E2D4FD5FC2}.Debug|Any CPU.Build.0 = Debug|Any CPU
		{35986164-26FB-4D25-9C2E-A9E2D4FD5FC2}.Release|Any CPU.ActiveCfg = Release|Any CPU
		{35986164-26FB-4D25-9C2E-A9E2D4FD5FC2}.Release|Any CPU.Build.0 = Release|Any CPU
		{57EB7028-4D34-4FA0-BFB3-209C222F4C10}.Debug|Any CPU.ActiveCfg = Debug|Any CPU
		{57EB7028-4D34-4FA0-BFB3-209C222F4C10}.Debug|Any CPU.Build.0 = Debug|Any CPU
		{57EB7028-4D34-4FA0-BFB3-209C222F4C10}.Release|Any CPU.ActiveCfg = Release|Any CPU
		{57EB7028-4D34-4FA0-BFB3-209C222F4C10}.Release|Any CPU.Build.0 = Release|Any CPU
		{CD508E48-4B9F-4E93-BF49-83DA9FDA14D2}.Debug|Any CPU.ActiveCfg = Debug|Any CPU
		{CD508E48-4B9F-4E93-BF49-83DA9FDA14D2}.Debug|Any CPU.Build.0 = Debug|Any CPU
		{CD508E48-4B9F-4E93-BF49-83DA9FDA14D2}.Release|Any CPU.ActiveCfg = Release|Any CPU
		{CD508E48-4B9F-4E93-BF49-83DA9FDA14D2}.Release|Any CPU.Build.0 = Release|Any CPU
		{1B81524C-4FCB-46B5-9EA8-3399B04841A3}.Debug|Any CPU.ActiveCfg = Debug|Any CPU
		{1B81524C-4FCB-46B5-9EA8-3399B04841A3}.Debug|Any CPU.Build.0 = Debug|Any CPU
		{1B81524C-4FCB-46B5-9EA8-3399B04841A3}.Release|Any CPU.ActiveCfg = Release|Any CPU
		{1B81524C-4FCB-46B5-9EA8-3399B04841A3}.Release|Any CPU.Build.0 = Release|Any CPU
		{D4275B43-AE99-4496-B251-88921E486C68}.Debug|Any CPU.ActiveCfg = Debug|Any CPU
		{D4275B43-AE99-4496-B251-88921E486C68}.Debug|Any CPU.Build.0 = Debug|Any CPU
		{D4275B43-AE99-4496-B251-88921E486C68}.Release|Any CPU.ActiveCfg = Release|Any CPU
		{D4275B43-AE99-4496-B251-88921E486C68}.Release|Any CPU.Build.0 = Release|Any CPU
		{E824FAFE-A807-4374-8BB1-61BA9736A1F9}.Debug|Any CPU.ActiveCfg = Debug|Any CPU
		{E824FAFE-A807-4374-8BB1-61BA9736A1F9}.Debug|Any CPU.Build.0 = Debug|Any CPU
		{E824FAFE-A807-4374-8BB1-61BA9736A1F9}.Release|Any CPU.ActiveCfg = Release|Any CPU
		{E824FAFE-A807-4374-8BB1-61BA9736A1F9}.Release|Any CPU.Build.0 = Release|Any CPU
		{B7631AFA-6BDC-4445-B77D-E7652801F09C}.Debug|Any CPU.ActiveCfg = Debug|Any CPU
		{B7631AFA-6BDC-4445-B77D-E7652801F09C}.Debug|Any CPU.Build.0 = Debug|Any CPU
		{B7631AFA-6BDC-4445-B77D-E7652801F09C}.Release|Any CPU.ActiveCfg = Release|Any CPU
		{B7631AFA-6BDC-4445-B77D-E7652801F09C}.Release|Any CPU.Build.0 = Release|Any CPU
		{57631C5D-23F8-4CD3-A45E-008A40EF456C}.Debug|Any CPU.ActiveCfg = Debug|Any CPU
		{57631C5D-23F8-4CD3-A45E-008A40EF456C}.Debug|Any CPU.Build.0 = Debug|Any CPU
		{57631C5D-23F8-4CD3-A45E-008A40EF456C}.Release|Any CPU.ActiveCfg = Release|Any CPU
		{57631C5D-23F8-4CD3-A45E-008A40EF456C}.Release|Any CPU.Build.0 = Release|Any CPU
		{6D519377-D98D-4862-B4AB-885AD86A1EDC}.Debug|Any CPU.ActiveCfg = Debug|Any CPU
		{6D519377-D98D-4862-B4AB-885AD86A1EDC}.Debug|Any CPU.Build.0 = Debug|Any CPU
		{6D519377-D98D-4862-B4AB-885AD86A1EDC}.Release|Any CPU.ActiveCfg = Release|Any CPU
		{6D519377-D98D-4862-B4AB-885AD86A1EDC}.Release|Any CPU.Build.0 = Release|Any CPU
		{C7D998E3-4F93-4592-81AC-9A9731D41840}.Debug|Any CPU.ActiveCfg = Debug|Any CPU
		{C7D998E3-4F93-4592-81AC-9A9731D41840}.Debug|Any CPU.Build.0 = Debug|Any CPU
		{C7D998E3-4F93-4592-81AC-9A9731D41840}.Release|Any CPU.ActiveCfg = Release|Any CPU
		{C7D998E3-4F93-4592-81AC-9A9731D41840}.Release|Any CPU.Build.0 = Release|Any CPU
		{B5579BCD-A6B7-467B-BEE3-F4687171EEB9}.Debug|Any CPU.ActiveCfg = Debug|Any CPU
		{B5579BCD-A6B7-467B-BEE3-F4687171EEB9}.Debug|Any CPU.Build.0 = Debug|Any CPU
		{B5579BCD-A6B7-467B-BEE3-F4687171EEB9}.Release|Any CPU.ActiveCfg = Release|Any CPU
		{B5579BCD-A6B7-467B-BEE3-F4687171EEB9}.Release|Any CPU.Build.0 = Release|Any CPU
		{391782EA-B666-4CCF-AEA9-1C54A0E24470}.Debug|Any CPU.ActiveCfg = Debug|Any CPU
		{391782EA-B666-4CCF-AEA9-1C54A0E24470}.Debug|Any CPU.Build.0 = Debug|Any CPU
		{391782EA-B666-4CCF-AEA9-1C54A0E24470}.Release|Any CPU.ActiveCfg = Release|Any CPU
		{391782EA-B666-4CCF-AEA9-1C54A0E24470}.Release|Any CPU.Build.0 = Release|Any CPU
		{4FE2345E-FB63-48CF-BA34-C4AE172D469A}.Debug|Any CPU.ActiveCfg = Debug|Any CPU
		{4FE2345E-FB63-48CF-BA34-C4AE172D469A}.Debug|Any CPU.Build.0 = Debug|Any CPU
		{4FE2345E-FB63-48CF-BA34-C4AE172D469A}.Release|Any CPU.ActiveCfg = Release|Any CPU
		{4FE2345E-FB63-48CF-BA34-C4AE172D469A}.Release|Any CPU.Build.0 = Release|Any CPU
		{C323A225-44FD-4B52-9195-38C4EB1A3C90}.Debug|Any CPU.ActiveCfg = Debug|Any CPU
		{C323A225-44FD-4B52-9195-38C4EB1A3C90}.Debug|Any CPU.Build.0 = Debug|Any CPU
		{C323A225-44FD-4B52-9195-38C4EB1A3C90}.Release|Any CPU.ActiveCfg = Release|Any CPU
		{C323A225-44FD-4B52-9195-38C4EB1A3C90}.Release|Any CPU.Build.0 = Release|Any CPU
		{6DDD5CEC-57FD-4AEC-ACDF-55C2A019A7E6}.Debug|Any CPU.ActiveCfg = Debug|Any CPU
		{6DDD5CEC-57FD-4AEC-ACDF-55C2A019A7E6}.Debug|Any CPU.Build.0 = Debug|Any CPU
		{6DDD5CEC-57FD-4AEC-ACDF-55C2A019A7E6}.Release|Any CPU.ActiveCfg = Release|Any CPU
		{6DDD5CEC-57FD-4AEC-ACDF-55C2A019A7E6}.Release|Any CPU.Build.0 = Release|Any CPU
		{51626C89-01E7-4F63-9C65-FBB2B121B51A}.Debug|Any CPU.ActiveCfg = Debug|Any CPU
		{51626C89-01E7-4F63-9C65-FBB2B121B51A}.Debug|Any CPU.Build.0 = Debug|Any CPU
		{51626C89-01E7-4F63-9C65-FBB2B121B51A}.Release|Any CPU.ActiveCfg = Release|Any CPU
		{51626C89-01E7-4F63-9C65-FBB2B121B51A}.Release|Any CPU.Build.0 = Release|Any CPU
		{7C2BB68B-A62B-4BCF-8E96-37C200987B40}.Debug|Any CPU.ActiveCfg = Debug|Any CPU
		{7C2BB68B-A62B-4BCF-8E96-37C200987B40}.Debug|Any CPU.Build.0 = Debug|Any CPU
		{7C2BB68B-A62B-4BCF-8E96-37C200987B40}.Release|Any CPU.ActiveCfg = Release|Any CPU
		{7C2BB68B-A62B-4BCF-8E96-37C200987B40}.Release|Any CPU.Build.0 = Release|Any CPU
	EndGlobalSection
	GlobalSection(SolutionProperties) = preSolution
		HideSolutionNode = FALSE
	EndGlobalSection
	GlobalSection(NestedProjects) = preSolution
		{589866B6-14F9-45E3-950C-7C87CC72A375} = {2F5290FA-24F9-4649-8480-2BD336D222E3}
		{35986164-26FB-4D25-9C2E-A9E2D4FD5FC2} = {2F5290FA-24F9-4649-8480-2BD336D222E3}
		{57EB7028-4D34-4FA0-BFB3-209C222F4C10} = {2F5290FA-24F9-4649-8480-2BD336D222E3}
		{CD508E48-4B9F-4E93-BF49-83DA9FDA14D2} = {2F5290FA-24F9-4649-8480-2BD336D222E3}
		{1B81524C-4FCB-46B5-9EA8-3399B04841A3} = {2F5290FA-24F9-4649-8480-2BD336D222E3}
		{D1A726A2-7F9B-4951-B649-503FDA552173} = {9E1170BA-75D0-47DA-9305-DCA490351EB3}
		{08181DD3-A4A0-4656-8276-93AAE52C7EE5} = {9E1170BA-75D0-47DA-9305-DCA490351EB3}
		{D4275B43-AE99-4496-B251-88921E486C68} = {9E1170BA-75D0-47DA-9305-DCA490351EB3}
		{E824FAFE-A807-4374-8BB1-61BA9736A1F9} = {9E1170BA-75D0-47DA-9305-DCA490351EB3}
		{B7631AFA-6BDC-4445-B77D-E7652801F09C} = {9E1170BA-75D0-47DA-9305-DCA490351EB3}
		{57631C5D-23F8-4CD3-A45E-008A40EF456C} = {9E1170BA-75D0-47DA-9305-DCA490351EB3}
		{6D519377-D98D-4862-B4AB-885AD86A1EDC} = {9ADAED16-CAA1-4328-9165-CE3B7B3DFE52}
		{C7D998E3-4F93-4592-81AC-9A9731D41840} = {9ADAED16-CAA1-4328-9165-CE3B7B3DFE52}
		{B5579BCD-A6B7-467B-BEE3-F4687171EEB9} = {9ADAED16-CAA1-4328-9165-CE3B7B3DFE52}
		{391782EA-B666-4CCF-AEA9-1C54A0E24470} = {9ADAED16-CAA1-4328-9165-CE3B7B3DFE52}
		{4FE2345E-FB63-48CF-BA34-C4AE172D469A} = {9ADAED16-CAA1-4328-9165-CE3B7B3DFE52}
		{C323A225-44FD-4B52-9195-38C4EB1A3C90} = {9ADAED16-CAA1-4328-9165-CE3B7B3DFE52}
		{6DDD5CEC-57FD-4AEC-ACDF-55C2A019A7E6} = {9ADAED16-CAA1-4328-9165-CE3B7B3DFE52}
		{51626C89-01E7-4F63-9C65-FBB2B121B51A} = {9ADAED16-CAA1-4328-9165-CE3B7B3DFE52}
		{7C2BB68B-A62B-4BCF-8E96-37C200987B40} = {9ADAED16-CAA1-4328-9165-CE3B7B3DFE52}
	EndGlobalSection
EndGlobal
